// !$*UTF8*$!
{
	archiveVersion = 1;
	classes = {
	};
	objectVersion = 46;
	objects = {

/* Begin PBXBuildFile section */
		B51350EA1A63738100BE0374 /* Size.swift in Sources */ = {isa = PBXBuildFile; fileRef = B51350E91A63738100BE0374 /* Size.swift */; };
		B5308A921A62612A00E2A1E7 /* AppDelegate.swift in Sources */ = {isa = PBXBuildFile; fileRef = B5308A911A62612A00E2A1E7 /* AppDelegate.swift */; };
		B5308A951A62612A00E2A1E7 /* Jadeite.xcdatamodeld in Sources */ = {isa = PBXBuildFile; fileRef = B5308A931A62612A00E2A1E7 /* Jadeite.xcdatamodeld */; };
		B5308A971A62612A00E2A1E7 /* ViewController.swift in Sources */ = {isa = PBXBuildFile; fileRef = B5308A961A62612A00E2A1E7 /* ViewController.swift */; };
		B5308A9A1A62612A00E2A1E7 /* Main.storyboard in Resources */ = {isa = PBXBuildFile; fileRef = B5308A981A62612A00E2A1E7 /* Main.storyboard */; };
		B5308A9C1A62612A00E2A1E7 /* Images.xcassets in Resources */ = {isa = PBXBuildFile; fileRef = B5308A9B1A62612A00E2A1E7 /* Images.xcassets */; };
		B5308A9F1A62612A00E2A1E7 /* LaunchScreen.xib in Resources */ = {isa = PBXBuildFile; fileRef = B5308A9D1A62612A00E2A1E7 /* LaunchScreen.xib */; };
		B5308AAB1A62612A00E2A1E7 /* JadeiteTests.swift in Sources */ = {isa = PBXBuildFile; fileRef = B5308AAA1A62612A00E2A1E7 /* JadeiteTests.swift */; };
		B534ABB11A727D65007687BB /* DetailViewController.swift in Sources */ = {isa = PBXBuildFile; fileRef = B534ABAF1A727D65007687BB /* DetailViewController.swift */; };
		B534ABB21A727D65007687BB /* MasterViewController.swift in Sources */ = {isa = PBXBuildFile; fileRef = B534ABB01A727D65007687BB /* MasterViewController.swift */; };
		B570E5C71A6276B500543E4B /* fontawesome-webfont.ttf in Resources */ = {isa = PBXBuildFile; fileRef = B570E5C61A6276B500543E4B /* fontawesome-webfont.ttf */; };
		B570E5C91A627B6A00543E4B /* TimeTableView.swift in Sources */ = {isa = PBXBuildFile; fileRef = B570E5C81A627B6A00543E4B /* TimeTableView.swift */; };
		B570E5CB1A628EEF00543E4B /* Icon.swift in Sources */ = {isa = PBXBuildFile; fileRef = B570E5CA1A628EEF00543E4B /* Icon.swift */; };
		B59F3B411A62B6E000BE2085 /* SubjectView.swift in Sources */ = {isa = PBXBuildFile; fileRef = B59F3B401A62B6E000BE2085 /* SubjectView.swift */; };
		B59F3B431A62B81D00BE2085 /* Brown.swift in Sources */ = {isa = PBXBuildFile; fileRef = B59F3B421A62B81D00BE2085 /* Brown.swift */; };
		B59F3B451A62B83B00BE2085 /* Hisui.swift in Sources */ = {isa = PBXBuildFile; fileRef = B59F3B441A62B83B00BE2085 /* Hisui.swift */; };
		B5EE39001A6292720095A895 /* Extension.swift in Sources */ = {isa = PBXBuildFile; fileRef = B5EE38FF1A6292720095A895 /* Extension.swift */; };
		B5EE39021A62977B0095A895 /* JadeBar.swift in Sources */ = {isa = PBXBuildFile; fileRef = B5EE39011A62977B0095A895 /* JadeBar.swift */; };
		F7A1EB3E335B9351B7B70EEC /* libPods.a in Frameworks */ = {isa = PBXBuildFile; fileRef = 35F6355CA164456337B548C7 /* libPods.a */; };
/* End PBXBuildFile section */

/* Begin PBXContainerItemProxy section */
		B5308AA51A62612A00E2A1E7 /* PBXContainerItemProxy */ = {
			isa = PBXContainerItemProxy;
			containerPortal = B5308A841A62612900E2A1E7 /* Project object */;
			proxyType = 1;
			remoteGlobalIDString = B5308A8B1A62612A00E2A1E7;
			remoteInfo = Jadeite;
		};
/* End PBXContainerItemProxy section */

/* Begin PBXFileReference section */
		35F6355CA164456337B548C7 /* libPods.a */ = {isa = PBXFileReference; explicitFileType = archive.ar; includeInIndex = 0; path = libPods.a; sourceTree = BUILT_PRODUCTS_DIR; };
		8064A99DC780C198F72D0FF4 /* Pods.release.xcconfig */ = {isa = PBXFileReference; includeInIndex = 1; lastKnownFileType = text.xcconfig; name = Pods.release.xcconfig; path = "Pods/Target Support Files/Pods/Pods.release.xcconfig"; sourceTree = "<group>"; };
		9A5F19A9BBE0560F8B5A988A /* Pods.debug.xcconfig */ = {isa = PBXFileReference; includeInIndex = 1; lastKnownFileType = text.xcconfig; name = Pods.debug.xcconfig; path = "Pods/Target Support Files/Pods/Pods.debug.xcconfig"; sourceTree = "<group>"; };
		B51350E91A63738100BE0374 /* Size.swift */ = {isa = PBXFileReference; fileEncoding = 4; lastKnownFileType = sourcecode.swift; path = Size.swift; sourceTree = "<group>"; };
		B5308A8C1A62612A00E2A1E7 /* Jadeite.app */ = {isa = PBXFileReference; explicitFileType = wrapper.application; includeInIndex = 0; path = Jadeite.app; sourceTree = BUILT_PRODUCTS_DIR; };
		B5308A901A62612A00E2A1E7 /* Info.plist */ = {isa = PBXFileReference; lastKnownFileType = text.plist.xml; path = Info.plist; sourceTree = "<group>"; };
		B5308A911A62612A00E2A1E7 /* AppDelegate.swift */ = {isa = PBXFileReference; lastKnownFileType = sourcecode.swift; path = AppDelegate.swift; sourceTree = "<group>"; };
		B5308A941A62612A00E2A1E7 /* Jadeite.xcdatamodel */ = {isa = PBXFileReference; lastKnownFileType = wrapper.xcdatamodel; path = Jadeite.xcdatamodel; sourceTree = "<group>"; };
		B5308A961A62612A00E2A1E7 /* ViewController.swift */ = {isa = PBXFileReference; lastKnownFileType = sourcecode.swift; path = ViewController.swift; sourceTree = "<group>"; };
		B5308A991A62612A00E2A1E7 /* Base */ = {isa = PBXFileReference; lastKnownFileType = file.storyboard; name = Base; path = Base.lproj/Main.storyboard; sourceTree = "<group>"; };
		B5308A9B1A62612A00E2A1E7 /* Images.xcassets */ = {isa = PBXFileReference; lastKnownFileType = folder.assetcatalog; path = Images.xcassets; sourceTree = "<group>"; };
		B5308A9E1A62612A00E2A1E7 /* Base */ = {isa = PBXFileReference; lastKnownFileType = file.xib; name = Base; path = Base.lproj/LaunchScreen.xib; sourceTree = "<group>"; };
		B5308AA41A62612A00E2A1E7 /* JadeiteTests.xctest */ = {isa = PBXFileReference; explicitFileType = wrapper.cfbundle; includeInIndex = 0; path = JadeiteTests.xctest; sourceTree = BUILT_PRODUCTS_DIR; };
		B5308AA91A62612A00E2A1E7 /* Info.plist */ = {isa = PBXFileReference; lastKnownFileType = text.plist.xml; path = Info.plist; sourceTree = "<group>"; };
		B5308AAA1A62612A00E2A1E7 /* JadeiteTests.swift */ = {isa = PBXFileReference; lastKnownFileType = sourcecode.swift; path = JadeiteTests.swift; sourceTree = "<group>"; };
		B534ABAF1A727D65007687BB /* DetailViewController.swift */ = {isa = PBXFileReference; fileEncoding = 4; lastKnownFileType = sourcecode.swift; path = DetailViewController.swift; sourceTree = "<group>"; };
		B534ABB01A727D65007687BB /* MasterViewController.swift */ = {isa = PBXFileReference; fileEncoding = 4; lastKnownFileType = sourcecode.swift; path = MasterViewController.swift; sourceTree = "<group>"; };
		B570E5C61A6276B500543E4B /* fontawesome-webfont.ttf */ = {isa = PBXFileReference; lastKnownFileType = file; path = "fontawesome-webfont.ttf"; sourceTree = "<group>"; };
		B570E5C81A627B6A00543E4B /* TimeTableView.swift */ = {isa = PBXFileReference; fileEncoding = 4; lastKnownFileType = sourcecode.swift; path = TimeTableView.swift; sourceTree = "<group>"; };
		B570E5CA1A628EEF00543E4B /* Icon.swift */ = {isa = PBXFileReference; fileEncoding = 4; lastKnownFileType = sourcecode.swift; path = Icon.swift; sourceTree = "<group>"; };
		B59F3B401A62B6E000BE2085 /* SubjectView.swift */ = {isa = PBXFileReference; fileEncoding = 4; lastKnownFileType = sourcecode.swift; path = SubjectView.swift; sourceTree = "<group>"; };
		B59F3B421A62B81D00BE2085 /* Brown.swift */ = {isa = PBXFileReference; fileEncoding = 4; lastKnownFileType = sourcecode.swift; path = Brown.swift; sourceTree = "<group>"; };
		B59F3B441A62B83B00BE2085 /* Hisui.swift */ = {isa = PBXFileReference; fileEncoding = 4; lastKnownFileType = sourcecode.swift; path = Hisui.swift; sourceTree = "<group>"; };
		B5EE38FF1A6292720095A895 /* Extension.swift */ = {isa = PBXFileReference; fileEncoding = 4; lastKnownFileType = sourcecode.swift; path = Extension.swift; sourceTree = "<group>"; };
		B5EE39011A62977B0095A895 /* JadeBar.swift */ = {isa = PBXFileReference; fileEncoding = 4; lastKnownFileType = sourcecode.swift; path = JadeBar.swift; sourceTree = "<group>"; };
/* End PBXFileReference section */

/* Begin PBXFrameworksBuildPhase section */
		B5308A891A62612A00E2A1E7 /* Frameworks */ = {
			isa = PBXFrameworksBuildPhase;
			buildActionMask = 2147483647;
			files = (
				F7A1EB3E335B9351B7B70EEC /* libPods.a in Frameworks */,
			);
			runOnlyForDeploymentPostprocessing = 0;
		};
		B5308AA11A62612A00E2A1E7 /* Frameworks */ = {
			isa = PBXFrameworksBuildPhase;
			buildActionMask = 2147483647;
			files = (
			);
			runOnlyForDeploymentPostprocessing = 0;
		};
/* End PBXFrameworksBuildPhase section */

/* Begin PBXGroup section */
		94DBA04A33E4ECB7EC877D2E /* Frameworks */ = {
			isa = PBXGroup;
			children = (
				35F6355CA164456337B548C7 /* libPods.a */,
			);
			name = Frameworks;
			sourceTree = "<group>";
		};
		B5308A831A62612900E2A1E7 = {
			isa = PBXGroup;
			children = (
				B5308A8E1A62612A00E2A1E7 /* Jadeite */,
				B5308AA71A62612A00E2A1E7 /* JadeiteTests */,
				B5308A8D1A62612A00E2A1E7 /* Products */,
				DE8DD7AF8A9694A3DF9198CB /* Pods */,
				94DBA04A33E4ECB7EC877D2E /* Frameworks */,
			);
			sourceTree = "<group>";
		};
		B5308A8D1A62612A00E2A1E7 /* Products */ = {
			isa = PBXGroup;
			children = (
				B5308A8C1A62612A00E2A1E7 /* Jadeite.app */,
				B5308AA41A62612A00E2A1E7 /* JadeiteTests.xctest */,
			);
			name = Products;
			sourceTree = "<group>";
		};
		B5308A8E1A62612A00E2A1E7 /* Jadeite */ = {
			isa = PBXGroup;
			children = (
				B534ABAF1A727D65007687BB /* DetailViewController.swift */,
				B534ABB01A727D65007687BB /* MasterViewController.swift */,
				B570E5C61A6276B500543E4B /* fontawesome-webfont.ttf */,
				B5308A911A62612A00E2A1E7 /* AppDelegate.swift */,
				B5308A961A62612A00E2A1E7 /* ViewController.swift */,
				B5308A981A62612A00E2A1E7 /* Main.storyboard */,
				B5308A9B1A62612A00E2A1E7 /* Images.xcassets */,
				B5308A9D1A62612A00E2A1E7 /* LaunchScreen.xib */,
				B5308A931A62612A00E2A1E7 /* Jadeite.xcdatamodeld */,
				B5308A8F1A62612A00E2A1E7 /* Supporting Files */,
				B570E5C81A627B6A00543E4B /* TimeTableView.swift */,
				B570E5CA1A628EEF00543E4B /* Icon.swift */,
				B5EE38FF1A6292720095A895 /* Extension.swift */,
				B5EE39011A62977B0095A895 /* JadeBar.swift */,
				B59F3B401A62B6E000BE2085 /* SubjectView.swift */,
				B59F3B421A62B81D00BE2085 /* Brown.swift */,
				B59F3B441A62B83B00BE2085 /* Hisui.swift */,
				B51350E91A63738100BE0374 /* Size.swift */,
			);
			path = Jadeite;
			sourceTree = "<group>";
		};
		B5308A8F1A62612A00E2A1E7 /* Supporting Files */ = {
			isa = PBXGroup;
			children = (
				B5308A901A62612A00E2A1E7 /* Info.plist */,
			);
			name = "Supporting Files";
			sourceTree = "<group>";
		};
		B5308AA71A62612A00E2A1E7 /* JadeiteTests */ = {
			isa = PBXGroup;
			children = (
				B5308AAA1A62612A00E2A1E7 /* JadeiteTests.swift */,
				B5308AA81A62612A00E2A1E7 /* Supporting Files */,
			);
			path = JadeiteTests;
			sourceTree = "<group>";
		};
		B5308AA81A62612A00E2A1E7 /* Supporting Files */ = {
			isa = PBXGroup;
			children = (
				B5308AA91A62612A00E2A1E7 /* Info.plist */,
			);
			name = "Supporting Files";
			sourceTree = "<group>";
		};
		DE8DD7AF8A9694A3DF9198CB /* Pods */ = {
			isa = PBXGroup;
			children = (
				9A5F19A9BBE0560F8B5A988A /* Pods.debug.xcconfig */,
				8064A99DC780C198F72D0FF4 /* Pods.release.xcconfig */,
			);
			name = Pods;
			sourceTree = "<group>";
		};
/* End PBXGroup section */

/* Begin PBXNativeTarget section */
		B5308A8B1A62612A00E2A1E7 /* Jadeite */ = {
			isa = PBXNativeTarget;
			buildConfigurationList = B5308AAE1A62612A00E2A1E7 /* Build configuration list for PBXNativeTarget "Jadeite" */;
			buildPhases = (
				13E124025CEF7172C0547E11 /* Check Pods Manifest.lock */,
				B5308A881A62612A00E2A1E7 /* Sources */,
				B5308A891A62612A00E2A1E7 /* Frameworks */,
				B5308A8A1A62612A00E2A1E7 /* Resources */,
				A4710154F25369B449261953 /* Copy Pods Resources */,
			);
			buildRules = (
			);
			dependencies = (
			);
			name = Jadeite;
			productName = Jadeite;
			productReference = B5308A8C1A62612A00E2A1E7 /* Jadeite.app */;
			productType = "com.apple.product-type.application";
		};
		B5308AA31A62612A00E2A1E7 /* JadeiteTests */ = {
			isa = PBXNativeTarget;
			buildConfigurationList = B5308AB11A62612A00E2A1E7 /* Build configuration list for PBXNativeTarget "JadeiteTests" */;
			buildPhases = (
				B5308AA01A62612A00E2A1E7 /* Sources */,
				B5308AA11A62612A00E2A1E7 /* Frameworks */,
				B5308AA21A62612A00E2A1E7 /* Resources */,
			);
			buildRules = (
			);
			dependencies = (
				B5308AA61A62612A00E2A1E7 /* PBXTargetDependency */,
			);
			name = JadeiteTests;
			productName = JadeiteTests;
			productReference = B5308AA41A62612A00E2A1E7 /* JadeiteTests.xctest */;
			productType = "com.apple.product-type.bundle.unit-test";
		};
/* End PBXNativeTarget section */

/* Begin PBXProject section */
		B5308A841A62612900E2A1E7 /* Project object */ = {
			isa = PBXProject;
			attributes = {
				LastUpgradeCheck = 0610;
				ORGANIZATIONNAME = "Shigure Shimotori";
				TargetAttributes = {
					B5308A8B1A62612A00E2A1E7 = {
						CreatedOnToolsVersion = 6.1.1;
					};
					B5308AA31A62612A00E2A1E7 = {
						CreatedOnToolsVersion = 6.1.1;
						TestTargetID = B5308A8B1A62612A00E2A1E7;
					};
				};
			};
			buildConfigurationList = B5308A871A62612A00E2A1E7 /* Build configuration list for PBXProject "Jadeite" */;
			compatibilityVersion = "Xcode 3.2";
			developmentRegion = English;
			hasScannedForEncodings = 0;
			knownRegions = (
				en,
				Base,
			);
			mainGroup = B5308A831A62612900E2A1E7;
			productRefGroup = B5308A8D1A62612A00E2A1E7 /* Products */;
			projectDirPath = "";
			projectRoot = "";
			targets = (
				B5308A8B1A62612A00E2A1E7 /* Jadeite */,
				B5308AA31A62612A00E2A1E7 /* JadeiteTests */,
			);
		};
/* End PBXProject section */

/* Begin PBXResourcesBuildPhase section */
		B5308A8A1A62612A00E2A1E7 /* Resources */ = {
			isa = PBXResourcesBuildPhase;
			buildActionMask = 2147483647;
			files = (
				B5308A9A1A62612A00E2A1E7 /* Main.storyboard in Resources */,
				B5308A9F1A62612A00E2A1E7 /* LaunchScreen.xib in Resources */,
				B570E5C71A6276B500543E4B /* fontawesome-webfont.ttf in Resources */,
				B5308A9C1A62612A00E2A1E7 /* Images.xcassets in Resources */,
			);
			runOnlyForDeploymentPostprocessing = 0;
		};
		B5308AA21A62612A00E2A1E7 /* Resources */ = {
			isa = PBXResourcesBuildPhase;
			buildActionMask = 2147483647;
			files = (
			);
			runOnlyForDeploymentPostprocessing = 0;
		};
/* End PBXResourcesBuildPhase section */

/* Begin PBXShellScriptBuildPhase section */
		13E124025CEF7172C0547E11 /* Check Pods Manifest.lock */ = {
			isa = PBXShellScriptBuildPhase;
			buildActionMask = 2147483647;
			files = (
			);
			inputPaths = (
			);
			name = "Check Pods Manifest.lock";
			outputPaths = (
			);
			runOnlyForDeploymentPostprocessing = 0;
			shellPath = /bin/sh;
			shellScript = "diff \"${PODS_ROOT}/../Podfile.lock\" \"${PODS_ROOT}/Manifest.lock\" > /dev/null\nif [[ $? != 0 ]] ; then\n    cat << EOM\nerror: The sandbox is not in sync with the Podfile.lock. Run 'pod install' or update your CocoaPods installation.\nEOM\n    exit 1\nfi\n";
			showEnvVarsInLog = 0;
		};
		A4710154F25369B449261953 /* Copy Pods Resources */ = {
			isa = PBXShellScriptBuildPhase;
			buildActionMask = 2147483647;
			files = (
			);
			inputPaths = (
			);
			name = "Copy Pods Resources";
			outputPaths = (
			);
			runOnlyForDeploymentPostprocessing = 0;
			shellPath = /bin/sh;
			shellScript = "\"${SRCROOT}/Pods/Target Support Files/Pods/Pods-resources.sh\"\n";
			showEnvVarsInLog = 0;
		};
/* End PBXShellScriptBuildPhase section */

/* Begin PBXSourcesBuildPhase section */
		B5308A881A62612A00E2A1E7 /* Sources */ = {
			isa = PBXSourcesBuildPhase;
			buildActionMask = 2147483647;
			files = (
				B5308A971A62612A00E2A1E7 /* ViewController.swift in Sources */,
				B5EE39021A62977B0095A895 /* JadeBar.swift in Sources */,
				B5308A951A62612A00E2A1E7 /* Jadeite.xcdatamodeld in Sources */,
				B534ABB11A727D65007687BB /* DetailViewController.swift in Sources */,
				B5EE39001A6292720095A895 /* Extension.swift in Sources */,
				B5308A921A62612A00E2A1E7 /* AppDelegate.swift in Sources */,
				B570E5C91A627B6A00543E4B /* TimeTableView.swift in Sources */,
				B59F3B451A62B83B00BE2085 /* Hisui.swift in Sources */,
				B570E5CB1A628EEF00543E4B /* Icon.swift in Sources */,
				B59F3B431A62B81D00BE2085 /* Brown.swift in Sources */,
				B59F3B411A62B6E000BE2085 /* SubjectView.swift in Sources */,
				B51350EA1A63738100BE0374 /* Size.swift in Sources */,
				B534ABB21A727D65007687BB /* MasterViewController.swift in Sources */,
			);
			runOnlyForDeploymentPostprocessing = 0;
		};
		B5308AA01A62612A00E2A1E7 /* Sources */ = {
			isa = PBXSourcesBuildPhase;
			buildActionMask = 2147483647;
			files = (
				B5308AAB1A62612A00E2A1E7 /* JadeiteTests.swift in Sources */,
			);
			runOnlyForDeploymentPostprocessing = 0;
		};
/* End PBXSourcesBuildPhase section */

/* Begin PBXTargetDependency section */
		B5308AA61A62612A00E2A1E7 /* PBXTargetDependency */ = {
			isa = PBXTargetDependency;
			target = B5308A8B1A62612A00E2A1E7 /* Jadeite */;
			targetProxy = B5308AA51A62612A00E2A1E7 /* PBXContainerItemProxy */;
		};
/* End PBXTargetDependency section */

/* Begin PBXVariantGroup section */
		B5308A981A62612A00E2A1E7 /* Main.storyboard */ = {
			isa = PBXVariantGroup;
			children = (
				B5308A991A62612A00E2A1E7 /* Base */,
			);
			name = Main.storyboard;
			sourceTree = "<group>";
		};
		B5308A9D1A62612A00E2A1E7 /* LaunchScreen.xib */ = {
			isa = PBXVariantGroup;
			children = (
				B5308A9E1A62612A00E2A1E7 /* Base */,
			);
			name = LaunchScreen.xib;
			sourceTree = "<group>";
		};
/* End PBXVariantGroup section */

/* Begin XCBuildConfiguration section */
		B5308AAC1A62612A00E2A1E7 /* Debug */ = {
			isa = XCBuildConfiguration;
			buildSettings = {
				ALWAYS_SEARCH_USER_PATHS = NO;
				CLANG_CXX_LANGUAGE_STANDARD = "gnu++0x";
				CLANG_CXX_LIBRARY = "libc++";
				CLANG_ENABLE_MODULES = YES;
				CLANG_ENABLE_OBJC_ARC = YES;
				CLANG_WARN_BOOL_CONVERSION = YES;
				CLANG_WARN_CONSTANT_CONVERSION = YES;
				CLANG_WARN_DIRECT_OBJC_ISA_USAGE = YES_ERROR;
				CLANG_WARN_EMPTY_BODY = YES;
				CLANG_WARN_ENUM_CONVERSION = YES;
				CLANG_WARN_INT_CONVERSION = YES;
				CLANG_WARN_OBJC_ROOT_CLASS = YES_ERROR;
				CLANG_WARN_UNREACHABLE_CODE = YES;
				CLANG_WARN__DUPLICATE_METHOD_MATCH = YES;
				"CODE_SIGN_IDENTITY[sdk=iphoneos*]" = "iPhone Developer";
				COPY_PHASE_STRIP = NO;
				ENABLE_STRICT_OBJC_MSGSEND = YES;
				GCC_C_LANGUAGE_STANDARD = gnu99;
				GCC_DYNAMIC_NO_PIC = NO;
				GCC_OPTIMIZATION_LEVEL = 0;
				GCC_PREPROCESSOR_DEFINITIONS = (
					"DEBUG=1",
					"$(inherited)",
				);
				GCC_SYMBOLS_PRIVATE_EXTERN = NO;
				GCC_WARN_64_TO_32_BIT_CONVERSION = YES;
				GCC_WARN_ABOUT_RETURN_TYPE = YES_ERROR;
				GCC_WARN_UNDECLARED_SELECTOR = YES;
				GCC_WARN_UNINITIALIZED_AUTOS = YES_AGGRESSIVE;
				GCC_WARN_UNUSED_FUNCTION = YES;
				GCC_WARN_UNUSED_VARIABLE = YES;
				IPHONEOS_DEPLOYMENT_TARGET = 8.1;
				MTL_ENABLE_DEBUG_INFO = YES;
				ONLY_ACTIVE_ARCH = YES;
				SDKROOT = iphoneos;
				SWIFT_OPTIMIZATION_LEVEL = "-Onone";
				TARGETED_DEVICE_FAMILY = "1,2";
			};
			name = Debug;
		};
		B5308AAD1A62612A00E2A1E7 /* Release */ = {
			isa = XCBuildConfiguration;
			buildSettings = {
				ALWAYS_SEARCH_USER_PATHS = NO;
				CLANG_CXX_LANGUAGE_STANDARD = "gnu++0x";
				CLANG_CXX_LIBRARY = "libc++";
				CLANG_ENABLE_MODULES = YES;
				CLANG_ENABLE_OBJC_ARC = YES;
				CLANG_WARN_BOOL_CONVERSION = YES;
				CLANG_WARN_CONSTANT_CONVERSION = YES;
				CLANG_WARN_DIRECT_OBJC_ISA_USAGE = YES_ERROR;
				CLANG_WARN_EMPTY_BODY = YES;
				CLANG_WARN_ENUM_CONVERSION = YES;
				CLANG_WARN_INT_CONVERSION = YES;
				CLANG_WARN_OBJC_ROOT_CLASS = YES_ERROR;
				CLANG_WARN_UNREACHABLE_CODE = YES;
				CLANG_WARN__DUPLICATE_METHOD_MATCH = YES;
				"CODE_SIGN_IDENTITY[sdk=iphoneos*]" = "iPhone Developer";
				COPY_PHASE_STRIP = YES;
				ENABLE_NS_ASSERTIONS = NO;
				ENABLE_STRICT_OBJC_MSGSEND = YES;
				GCC_C_LANGUAGE_STANDARD = gnu99;
				GCC_WARN_64_TO_32_BIT_CONVERSION = YES;
				GCC_WARN_ABOUT_RETURN_TYPE = YES_ERROR;
				GCC_WARN_UNDECLARED_SELECTOR = YES;
				GCC_WARN_UNINITIALIZED_AUTOS = YES_AGGRESSIVE;
				GCC_WARN_UNUSED_FUNCTION = YES;
				GCC_WARN_UNUSED_VARIABLE = YES;
				IPHONEOS_DEPLOYMENT_TARGET = 8.1;
				MTL_ENABLE_DEBUG_INFO = NO;
				SDKROOT = iphoneos;
				TARGETED_DEVICE_FAMILY = "1,2";
				VALIDATE_PRODUCT = YES;
			};
			name = Release;
		};
		B5308AAF1A62612A00E2A1E7 /* Debug */ = {
			isa = XCBuildConfiguration;
			baseConfigurationReference = 9A5F19A9BBE0560F8B5A988A /* Pods.debug.xcconfig */;
			buildSettings = {
				ASSETCATALOG_COMPILER_APPICON_NAME = AppIcon;
				INFOPLIST_FILE = Jadeite/Info.plist;
				IPHONEOS_DEPLOYMENT_TARGET = 7.1;
				LD_RUNPATH_SEARCH_PATHS = "$(inherited) @executable_path/Frameworks";
				PRODUCT_NAME = "$(TARGET_NAME)";
			};
			name = Debug;
		};
		B5308AB01A62612A00E2A1E7 /* Release */ = {
			isa = XCBuildConfiguration;
			baseConfigurationReference = 8064A99DC780C198F72D0FF4 /* Pods.release.xcconfig */;
			buildSettings = {
				ASSETCATALOG_COMPILER_APPICON_NAME = AppIcon;
				INFOPLIST_FILE = Jadeite/Info.plist;
				IPHONEOS_DEPLOYMENT_TARGET = 7.1;
				LD_RUNPATH_SEARCH_PATHS = "$(inherited) @executable_path/Frameworks";
				PRODUCT_NAME = "$(TARGET_NAME)";
			};
			name = Release;
		};
		B5308AB21A62612A00E2A1E7 /* Debug */ = {
			isa = XCBuildConfiguration;
			buildSettings = {
				BUNDLE_LOADER = "$(TEST_HOST)";
				FRAMEWORK_SEARCH_PATHS = (
					"$(SDKROOT)/Developer/Library/Frameworks",
					"$(inherited)",
				);
				GCC_PREPROCESSOR_DEFINITIONS = (
					"DEBUG=1",
					"$(inherited)",
				);
				INFOPLIST_FILE = JadeiteTests/Info.plist;
				LD_RUNPATH_SEARCH_PATHS = "$(inherited) @executable_path/Frameworks @loader_path/Frameworks";
				PRODUCT_NAME = "$(TARGET_NAME)";
				TEST_HOST = "$(BUILT_PRODUCTS_DIR)/Jadeite.app/Jadeite";
			};
			name = Debug;
		};
		B5308AB31A62612A00E2A1E7 /* Release */ = {
			isa = XCBuildConfiguration;
			buildSettings = {
				BUNDLE_LOADER = "$(TEST_HOST)";
				FRAMEWORK_SEARCH_PATHS = (
					"$(SDKROOT)/Developer/Library/Frameworks",
					"$(inherited)",
				);
				INFOPLIST_FILE = JadeiteTests/Info.plist;
				LD_RUNPATH_SEARCH_PATHS = "$(inherited) @executable_path/Frameworks @loader_path/Frameworks";
				PRODUCT_NAME = "$(TARGET_NAME)";
				TEST_HOST = "$(BUILT_PRODUCTS_DIR)/Jadeite.app/Jadeite";
			};
			name = Release;
		};
/* End XCBuildConfiguration section */

/* Begin XCConfigurationList section */
		B5308A871A62612A00E2A1E7 /* Build configuration list for PBXProject "Jadeite" */ = {
			isa = XCConfigurationList;
			buildConfigurations = (
				B5308AAC1A62612A00E2A1E7 /* Debug */,
				B5308AAD1A62612A00E2A1E7 /* Release */,
			);
			defaultConfigurationIsVisible = 0;
			defaultConfigurationName = Release;
		};
		B5308AAE1A62612A00E2A1E7 /* Build configuration list for PBXNativeTarget "Jadeite" */ = {
			isa = XCConfigurationList;
			buildConfigurations = (
				B5308AAF1A62612A00E2A1E7 /* Debug */,
				B5308AB01A62612A00E2A1E7 /* Release */,
			);
			defaultConfigurationIsVisible = 0;
			defaultConfigurationName = Release;
		};
		B5308AB11A62612A00E2A1E7 /* Build configuration list for PBXNativeTarget "JadeiteTests" */ = {
			isa = XCConfigurationList;
			buildConfigurations = (
				B5308AB21A62612A00E2A1E7 /* Debug */,
				B5308AB31A62612A00E2A1E7 /* Release */,
			);
			defaultConfigurationIsVisible = 0;
			defaultConfigurationName = Release;
		};
/* End XCConfigurationList section */

/* Begin XCVersionGroup section */
		B5308A931A62612A00E2A1E7 /* Jadeite.xcdatamodeld */ = {
			isa = XCVersionGroup;
			children = (
				B5308A941A62612A00E2A1E7 /* Jadeite.xcdatamodel */,
			);
			currentVersion = B5308A941A62612A00E2A1E7 /* Jadeite.xcdatamodel */;
			path = Jadeite.xcdatamodeld;
			sourceTree = "<group>";
			versionGroupType = wrapper.xcdatamodel;
		};
/* End XCVersionGroup section */
	};
	rootObject = B5308A841A62612900E2A1E7 /* Project object */;
}
